
Microsoft Visual Studio Solution File, Format Version 12.00
# Visual Studio Version 17
VisualStudioVersion = 17.6.33723.286
MinimumVisualStudioVersion = 10.0.40219.1
Project("{FAE04EC0-301F-11D3-BF4B-00C04F79EFBC}") = "POS", "POS\POS.csproj", "{F174BD98-3144-438C-A501-A565B91A1099}"
EndProject
Global
	GlobalSection(SolutionConfigurationPlatforms) = preSolution
		Debug|Any CPU = Debug|Any CPU
		Release|Any CPU = Release|Any CPU
	EndGlobalSection
	GlobalSection(ProjectConfigurationPlatforms) = postSolution
		{F174BD98-3144-438C-A501-A565B91A1099}.Debug|Any CPU.ActiveCfg = Debug|Any CPU
		{F174BD98-3144-438C-A501-A565B91A1099}.Debug|Any CPU.Build.0 = Debug|Any CPU
		{F174BD98-3144-438C-A501-A565B91A1099}.Release|Any CPU.ActiveCfg = Release|Any CPU
		{F174BD98-3144-438C-A501-A565B91A1099}.Release|Any CPU.Build.0 = Release|Any CPU
	EndGlobalSection
	GlobalSection(SolutionProperties) = preSolution
		HideSolutionNode = FALSE
	EndGlobalSection
	GlobalSection(ExtensibilityGlobals) = postSolution
		SolutionGuid = {9AECD0FF-52F3-4BA8-BF7A-E545CACD7010}
	EndGlobalSection
EndGlobal
